
Microsoft Visual Studio Solution File, Format Version 12.00
# Visual Studio 2015
Project("{FAE04EC0-301F-11D3-BF4B-00C04F79EFBC}") = "LonelyTrainRide.CSharp.Plugins", "LonelyTrainRide.CSharp.Plugins.csproj", "{30FD6602-E925-8701-6FCB-06C48292B20B}"
EndProject
Project("{FAE04EC0-301F-11D3-BF4B-00C04F79EFBC}") = "LonelyTrainRide.CSharp", "LonelyTrainRide.CSharp.csproj", "{CF938E4D-76AC-84D4-7098-AF903E38F98F}"
EndProject
Project("{FAE04EC0-301F-11D3-BF4B-00C04F79EFBC}") = "LonelyTrainRide.CSharp.Editor.Plugins", "LonelyTrainRide.CSharp.Editor.Plugins.csproj", "{2F0F85F1-C931-485B-D6EA-FDB93318AB3B}"
EndProject
Global
	GlobalSection(SolutionConfigurationPlatforms) = preSolution
		Debug|Any CPU = Debug|Any CPU
		Release|Any CPU = Release|Any CPU
	EndGlobalSection
	GlobalSection(ProjectConfigurationPlatforms) = postSolution
		{30FD6602-E925-8701-6FCB-06C48292B20B}.Debug|Any CPU.ActiveCfg = Debug|Any CPU
		{30FD6602-E925-8701-6FCB-06C48292B20B}.Debug|Any CPU.Build.0 = Debug|Any CPU
		{30FD6602-E925-8701-6FCB-06C48292B20B}.Release|Any CPU.ActiveCfg = Release|Any CPU
		{30FD6602-E925-8701-6FCB-06C48292B20B}.Release|Any CPU.Build.0 = Release|Any CPU
		{CF938E4D-76AC-84D4-7098-AF903E38F98F}.Debug|Any CPU.ActiveCfg = Debug|Any CPU
		{CF938E4D-76AC-84D4-7098-AF903E38F98F}.Debug|Any CPU.Build.0 = Debug|Any CPU
		{CF938E4D-76AC-84D4-7098-AF903E38F98F}.Release|Any CPU.ActiveCfg = Release|Any CPU
		{CF938E4D-76AC-84D4-7098-AF903E38F98F}.Release|Any CPU.Build.0 = Release|Any CPU
		{2F0F85F1-C931-485B-D6EA-FDB93318AB3B}.Debug|Any CPU.ActiveCfg = Debug|Any CPU
		{2F0F85F1-C931-485B-D6EA-FDB93318AB3B}.Debug|Any CPU.Build.0 = Debug|Any CPU
		{2F0F85F1-C931-485B-D6EA-FDB93318AB3B}.Release|Any CPU.ActiveCfg = Release|Any CPU
		{2F0F85F1-C931-485B-D6EA-FDB93318AB3B}.Release|Any CPU.Build.0 = Release|Any CPU
	EndGlobalSection
	GlobalSection(SolutionProperties) = preSolution
		HideSolutionNode = FALSE
	EndGlobalSection
EndGlobal
