
Microsoft Visual Studio Solution File, Format Version 12.00
# Visual Studio 2015
Project("{FAE04EC0-301F-11D3-BF4B-00C04F79EFBC}") = "LonelyTrainRide.Plugins", "LonelyTrainRide.Plugins.csproj", "{4D4488E8-EBA6-2A59-6493-947AB0499BA8}"
EndProject
Project("{FAE04EC0-301F-11D3-BF4B-00C04F79EFBC}") = "LonelyTrainRide", "LonelyTrainRide.csproj", "{1B55EFB5-3674-102A-23E0-D1E39AFCBBBB}"
EndProject
Project("{FAE04EC0-301F-11D3-BF4B-00C04F79EFBC}") = "LonelyTrainRide.Editor.Plugins", "LonelyTrainRide.Editor.Plugins.csproj", "{63F52937-5A43-7E47-BB7B-8B4B3465B8E6}"
EndProject
Project("{FAE04EC0-301F-11D3-BF4B-00C04F79EFBC}") = "LonelyTrainRide.Editor", "LonelyTrainRide.Editor.csproj", "{90D9076F-38E4-ED56-6CBC-C124C5879DAE}"
EndProject
Global
	GlobalSection(SolutionConfigurationPlatforms) = preSolution
		Debug|Any CPU = Debug|Any CPU
		Release|Any CPU = Release|Any CPU
	EndGlobalSection
	GlobalSection(ProjectConfigurationPlatforms) = postSolution
		{4D4488E8-EBA6-2A59-6493-947AB0499BA8}.Debug|Any CPU.ActiveCfg = Debug|Any CPU
		{4D4488E8-EBA6-2A59-6493-947AB0499BA8}.Debug|Any CPU.Build.0 = Debug|Any CPU
		{4D4488E8-EBA6-2A59-6493-947AB0499BA8}.Release|Any CPU.ActiveCfg = Release|Any CPU
		{4D4488E8-EBA6-2A59-6493-947AB0499BA8}.Release|Any CPU.Build.0 = Release|Any CPU
		{1B55EFB5-3674-102A-23E0-D1E39AFCBBBB}.Debug|Any CPU.ActiveCfg = Debug|Any CPU
		{1B55EFB5-3674-102A-23E0-D1E39AFCBBBB}.Debug|Any CPU.Build.0 = Debug|Any CPU
		{1B55EFB5-3674-102A-23E0-D1E39AFCBBBB}.Release|Any CPU.ActiveCfg = Release|Any CPU
		{1B55EFB5-3674-102A-23E0-D1E39AFCBBBB}.Release|Any CPU.Build.0 = Release|Any CPU
		{63F52937-5A43-7E47-BB7B-8B4B3465B8E6}.Debug|Any CPU.ActiveCfg = Debug|Any CPU
		{63F52937-5A43-7E47-BB7B-8B4B3465B8E6}.Debug|Any CPU.Build.0 = Debug|Any CPU
		{63F52937-5A43-7E47-BB7B-8B4B3465B8E6}.Release|Any CPU.ActiveCfg = Release|Any CPU
		{63F52937-5A43-7E47-BB7B-8B4B3465B8E6}.Release|Any CPU.Build.0 = Release|Any CPU
		{90D9076F-38E4-ED56-6CBC-C124C5879DAE}.Debug|Any CPU.ActiveCfg = Debug|Any CPU
		{90D9076F-38E4-ED56-6CBC-C124C5879DAE}.Debug|Any CPU.Build.0 = Debug|Any CPU
		{90D9076F-38E4-ED56-6CBC-C124C5879DAE}.Release|Any CPU.ActiveCfg = Release|Any CPU
		{90D9076F-38E4-ED56-6CBC-C124C5879DAE}.Release|Any CPU.Build.0 = Release|Any CPU
	EndGlobalSection
	GlobalSection(SolutionProperties) = preSolution
		HideSolutionNode = FALSE
	EndGlobalSection
EndGlobal
